<?xml version="1.0" encoding="utf-8"?>
<Project xmlns="http://schemas.microsoft.com/developer/msbuild/2003">
  <ItemGroup>
    <Filter Include="Form Files">
      <UniqueIdentifier>{99349809-55BA-4b9d-BF79-8FDBB0286EB3}</UniqueIdentifier>
      <Extensions>ui</Extensions>
      <ParseFiles>false</ParseFiles>
    </Filter>
    <Filter Include="Form Files">
      <UniqueIdentifier>{99349809-55BA-4b9d-BF79-8FDBB0286EB3}</UniqueIdentifier>
      <Extensions>ui</Extensions>
      <ParseFiles>false</ParseFiles>
    </Filter>
    <Filter Include="Generated Files">
      <UniqueIdentifier>{71ED8ED8-ACB9-4CE9-BBE1-E00B30144E11}</UniqueIdentifier>
      <Extensions>cpp;c;cxx;moc;h;def;odl;idl;res;</Extensions>
    </Filter>
    <Filter Include="Generated Files">
      <UniqueIdentifier>{71ED8ED8-ACB9-4CE9-BBE1-E00B30144E11}</UniqueIdentifier>
      <Extensions>cpp;c;cxx;moc;h;def;odl;idl;res;</Extensions>
    </Filter>
    <Filter Include="Header Files">
      <UniqueIdentifier>{93995380-89BD-4b04-88EB-625FBE52EBFB}</UniqueIdentifier>
      <Extensions>h;hpp;hxx;hm;inl;inc;xsd</Extensions>
    </Filter>
    <Filter Include="Header Files">
      <UniqueIdentifier>{93995380-89BD-4b04-88EB-625FBE52EBFB}</UniqueIdentifier>
      <Extensions>h;hpp;hxx;hm;inl;inc;xsd</Extensions>
    </Filter>
    <Filter Include="Source Files">
      <UniqueIdentifier>{4FC737F1-C7A5-4376-A066-2A32D752A2FF}</UniqueIdentifier>
      <Extensions>cpp;c;cxx;def;odl;idl;hpj;bat;asm;asmx</Extensions>
    </Filter>
    <Filter Include="Source Files">
      <UniqueIdentifier>{4FC737F1-C7A5-4376-A066-2A32D752A2FF}</UniqueIdentifier>
      <Extensions>cpp;c;cxx;def;odl;idl;hpj;bat;asm;asmx</Extensions>
    </Filter>
    <Filter Include="Deployment Files">
      <UniqueIdentifier>{D9D6E243-F8AF-46E4-B9FD-80ECBC20BA3E}</UniqueIdentifier>
      <Extensions>deploy</Extensions>
      <ParseFiles>false</ParseFiles>
    </Filter>
    <Filter Include="Deployment Files">
      <UniqueIdentifier>{D9D6E243-F8AF-46E4-B9FD-80ECBC20BA3E}</UniqueIdentifier>
      <Extensions>deploy</Extensions>
      <ParseFiles>false</ParseFiles>
    </Filter>
  </ItemGroup>
  <ItemGroup>
    <ClCompile Include="block.cpp">
      <Filter>Source Files</Filter>
    </ClCompile>
    <ClCompile Include="game_control.cpp">
      <Filter>Source Files</Filter>
    </ClCompile>
    <ClCompile Include="main.cpp">
      <Filter>Source Files</Filter>
    </ClCompile>
    <ClCompile Include="maze_model.cpp">
      <Filter>Source Files</Filter>
    </ClCompile>
    <ClCompile Include="player.cpp">
      <Filter>Source Files</Filter>
    </ClCompile>
    <ClCompile Include="prim.cpp">
      <Filter>Source Files</Filter>
    </ClCompile>
    <ClCompile Include="smallMap.cpp">
      <Filter>Source Files</Filter>
    </ClCompile>
    <ClCompile Include="viewer.cpp">
      <Filter>Source Files</Filter>
    </ClCompile>
    <ClCompile Include="widget.cpp">
      <Filter>Source Files</Filter>
    </ClCompile>
  </ItemGroup>
  <ItemGroup>
    <ClInclude Include="block.h">
      <Filter>Header Files</Filter>
    </ClInclude>
    <ClInclude Include="common_value.h">
      <Filter>Header Files</Filter>
    </ClInclude>
    <ClInclude Include="game_control.h">
      <Filter>Header Files</Filter>
    </ClInclude>
    <ClInclude Include="maze_model.h">
      <Filter>Header Files</Filter>
    </ClInclude>
    <ClInclude Include="player.h">
      <Filter>Header Files</Filter>
    </ClInclude>
    <ClInclude Include="prim.h">
      <Filter>Header Files</Filter>
    </ClInclude>
    <QtMoc Include="smallMap.h">
      <Filter>Header Files</Filter>
    </QtMoc>
    <QtMoc Include="viewer.h">
      <Filter>Header Files</Filter>
    </QtMoc>
    <QtMoc Include="widget.h">
      <Filter>Header Files</Filter>
    </QtMoc>
  </ItemGroup>
  <ItemGroup>
    <CustomBuild Include="debug\moc_predefs.h.cbt">
      <Filter>Generated Files</Filter>
    </CustomBuild>
    <CustomBuild Include="release\moc_predefs.h.cbt">
      <Filter>Generated Files</Filter>
    </CustomBuild>
    
    
    
    
    
    
    <ClInclude Include="ui_widget.h">
      <Filter>Generated Files</Filter>
    </ClInclude>
  </ItemGroup>
  <ItemGroup>
    <QtUic Include="widget.ui">
      <Filter>Form Files</Filter>
    </QtUic>
  </ItemGroup>
  <ItemGroup>
    <None Include="D:\QT\5.13.0\WINRT_X86_MSVC2017\bin\Qt5Core.dll">
      <Filter>Deployment Files</Filter>
    </None>
    <None Include="D:\QT\5.13.0\WINRT_X86_MSVC2017\bin\Qt5Cored.dll">
      <Filter>Deployment Files</Filter>
    </None>
    <None Include="D:\QT\5.13.0\WINRT_X86_MSVC2017\bin\Qt5Gui.dll">
      <Filter>Deployment Files</Filter>
    </None>
    <None Include="D:\QT\5.13.0\WINRT_X86_MSVC2017\bin\Qt5Guid.dll">
      <Filter>Deployment Files</Filter>
    </None>
    <None Include="D:\QT\5.13.0\WINRT_X86_MSVC2017\bin\Qt5Widgets.dll">
      <Filter>Deployment Files</Filter>
    </None>
    <None Include="D:\QT\5.13.0\WINRT_X86_MSVC2017\bin\Qt5Widgetsd.dll">
      <Filter>Deployment Files</Filter>
    </None>
    <None Include="D:\QT\5.13.0\WINRT_X86_MSVC2017\bin\libEGL.dll">
      <Filter>Deployment Files</Filter>
    </None>
    <None Include="D:\QT\5.13.0\WINRT_X86_MSVC2017\bin\libEGLd.dll">
      <Filter>Deployment Files</Filter>
    </None>
    <None Include="D:\QT\5.13.0\WINRT_X86_MSVC2017\bin\libGLESv2.dll">
      <Filter>Deployment Files</Filter>
    </None>
    <None Include="D:\QT\5.13.0\WINRT_X86_MSVC2017\bin\libGLESv2d.dll">
      <Filter>Deployment Files</Filter>
    </None>
  </ItemGroup>
</Project>